
Microsoft Visual Studio Solution File, Format Version 12.00
# Visual Studio Version 16
VisualStudioVersion = 16.0.31205.134
MinimumVisualStudioVersion = 10.0.40219.1
Project("{FAE04EC0-301F-11D3-BF4B-00C04F79EFBC}") = "Anton-Chebanitsa-Academy-Test-Task", "Anton-Chebanitsa-Academy-Test-Task.csproj", "{8A6008B4-0790-4C7C-98C4-969FB71C4C3C}"
EndProject
Global
	GlobalSection(SolutionConfigurationPlatforms) = preSolution
		Debug|Any CPU = Debug|Any CPU
		Release|Any CPU = Release|Any CPU
	EndGlobalSection
	GlobalSection(ProjectConfigurationPlatforms) = postSolution
		{8A6008B4-0790-4C7C-98C4-969FB71C4C3C}.Debug|Any CPU.ActiveCfg = Debug|Any CPU
		{8A6008B4-0790-4C7C-98C4-969FB71C4C3C}.Debug|Any CPU.Build.0 = Debug|Any CPU
		{8A6008B4-0790-4C7C-98C4-969FB71C4C3C}.Release|Any CPU.ActiveCfg = Release|Any CPU
		{8A6008B4-0790-4C7C-98C4-969FB71C4C3C}.Release|Any CPU.Build.0 = Release|Any CPU
	EndGlobalSection
	GlobalSection(SolutionProperties) = preSolution
		HideSolutionNode = FALSE
	EndGlobalSection
	GlobalSection(ExtensibilityGlobals) = postSolution
		SolutionGuid = {FD9799F3-7BD8-4FD1-81F5-0650E581A243}
	EndGlobalSection
EndGlobal
